// !$*UTF8*$!
{
	archiveVersion = 1;
	classes = {
	};
	objectVersion = 46;
	objects = {

/* Begin PBXBuildFile section */
		DF8C761B19E473E800B81271 /* main.m in Sources */ = {isa = PBXBuildFile; fileRef = DF8C761A19E473E800B81271 /* main.m */; };
		DF8C761E19E473E900B81271 /* AppDelegate.m in Sources */ = {isa = PBXBuildFile; fileRef = DF8C761D19E473E900B81271 /* AppDelegate.m */; };
		DF8C762419E473E900B81271 /* Main.storyboard in Resources */ = {isa = PBXBuildFile; fileRef = DF8C762219E473E900B81271 /* Main.storyboard */; };
		DF8C762619E473E900B81271 /* Images.xcassets in Resources */ = {isa = PBXBuildFile; fileRef = DF8C762519E473E900B81271 /* Images.xcassets */; };
		DF8C762919E473E900B81271 /* LaunchScreen.xib in Resources */ = {isa = PBXBuildFile; fileRef = DF8C762719E473E900B81271 /* LaunchScreen.xib */; };
		DF8C763519E473E900B81271 /* UITableViewController_Challenge_SolutionTests.m in Sources */ = {isa = PBXBuildFile; fileRef = DF8C763419E473E900B81271 /* UITableViewController_Challenge_SolutionTests.m */; };
		DF8C764019E47EA600B81271 /* LWTableViewController.m in Sources */ = {isa = PBXBuildFile; fileRef = DF8C763F19E47EA600B81271 /* LWTableViewController.m */; };
/* End PBXBuildFile section */

/* Begin PBXContainerItemProxy section */
		DF8C762F19E473E900B81271 /* PBXContainerItemProxy */ = {
			isa = PBXContainerItemProxy;
			containerPortal = DF8C760D19E473E700B81271 /* Project object */;
			proxyType = 1;
			remoteGlobalIDString = DF8C761419E473E800B81271;
			remoteInfo = "UITableViewController Challenge Solution";
		};
/* End PBXContainerItemProxy section */

/* Begin PBXFileReference section */
		DF8C761519E473E800B81271 /* UITableViewController Challenge Solution.app */ = {isa = PBXFileReference; explicitFileType = wrapper.application; includeInIndex = 0; path = "UITableViewController Challenge Solution.app"; sourceTree = BUILT_PRODUCTS_DIR; };
		DF8C761919E473E800B81271 /* Info.plist */ = {isa = PBXFileReference; lastKnownFileType = text.plist.xml; path = Info.plist; sourceTree = "<group>"; };
		DF8C761A19E473E800B81271 /* main.m */ = {isa = PBXFileReference; lastKnownFileType = sourcecode.c.objc; path = main.m; sourceTree = "<group>"; };
		DF8C761C19E473E900B81271 /* AppDelegate.h */ = {isa = PBXFileReference; lastKnownFileType = sourcecode.c.h; path = AppDelegate.h; sourceTree = "<group>"; };
		DF8C761D19E473E900B81271 /* AppDelegate.m */ = {isa = PBXFileReference; lastKnownFileType = sourcecode.c.objc; path = AppDelegate.m; sourceTree = "<group>"; };
		DF8C762319E473E900B81271 /* Base */ = {isa = PBXFileReference; lastKnownFileType = file.storyboard; name = Base; path = Base.lproj/Main.storyboard; sourceTree = "<group>"; };
		DF8C762519E473E900B81271 /* Images.xcassets */ = {isa = PBXFileReference; lastKnownFileType = folder.assetcatalog; path = Images.xcassets; sourceTree = "<group>"; };
		DF8C762819E473E900B81271 /* Base */ = {isa = PBXFileReference; lastKnownFileType = file.xib; name = Base; path = Base.lproj/LaunchScreen.xib; sourceTree = "<group>"; };
		DF8C762E19E473E900B81271 /* UITableViewController Challenge SolutionTests.xctest */ = {isa = PBXFileReference; explicitFileType = wrapper.cfbundle; includeInIndex = 0; path = "UITableViewController Challenge SolutionTests.xctest"; sourceTree = BUILT_PRODUCTS_DIR; };
		DF8C763319E473E900B81271 /* Info.plist */ = {isa = PBXFileReference; lastKnownFileType = text.plist.xml; path = Info.plist; sourceTree = "<group>"; };
		DF8C763419E473E900B81271 /* UITableViewController_Challenge_SolutionTests.m */ = {isa = PBXFileReference; lastKnownFileType = sourcecode.c.objc; path = UITableViewController_Challenge_SolutionTests.m; sourceTree = "<group>"; };
		DF8C763E19E47EA600B81271 /* LWTableViewController.h */ = {isa = PBXFileReference; fileEncoding = 4; lastKnownFileType = sourcecode.c.h; name = LWTableViewController.h; path = ../LWTableViewController.h; sourceTree = "<group>"; };
		DF8C763F19E47EA600B81271 /* LWTableViewController.m */ = {isa = PBXFileReference; fileEncoding = 4; lastKnownFileType = sourcecode.c.objc; name = LWTableViewController.m; path = ../LWTableViewController.m; sourceTree = "<group>"; };
/* End PBXFileReference section */

/* Begin PBXFrameworksBuildPhase section */
		DF8C761219E473E800B81271 /* Frameworks */ = {
			isa = PBXFrameworksBuildPhase;
			buildActionMask = 2147483647;
			files = (
			);
			runOnlyForDeploymentPostprocessing = 0;
		};
		DF8C762B19E473E900B81271 /* Frameworks */ = {
			isa = PBXFrameworksBuildPhase;
			buildActionMask = 2147483647;
			files = (
			);
			runOnlyForDeploymentPostprocessing = 0;
		};
/* End PBXFrameworksBuildPhase section */

/* Begin PBXGroup section */
		DF8C760C19E473E700B81271 = {
			isa = PBXGroup;
			children = (
				DF8C761719E473E800B81271 /* UITableViewController Challenge Solution */,
				DF8C763119E473E900B81271 /* UITableViewController Challenge SolutionTests */,
				DF8C761619E473E800B81271 /* Products */,
			);
			sourceTree = "<group>";
		};
		DF8C761619E473E800B81271 /* Products */ = {
			isa = PBXGroup;
			children = (
				DF8C761519E473E800B81271 /* UITableViewController Challenge Solution.app */,
				DF8C762E19E473E900B81271 /* UITableViewController Challenge SolutionTests.xctest */,
			);
			name = Products;
			sourceTree = "<group>";
		};
		DF8C761719E473E800B81271 /* UITableViewController Challenge Solution */ = {
			isa = PBXGroup;
			children = (
				DF8C761C19E473E900B81271 /* AppDelegate.h */,
				DF8C761D19E473E900B81271 /* AppDelegate.m */,
				DF8C763E19E47EA600B81271 /* LWTableViewController.h */,
				DF8C763F19E47EA600B81271 /* LWTableViewController.m */,
				DF8C762219E473E900B81271 /* Main.storyboard */,
				DF8C762519E473E900B81271 /* Images.xcassets */,
				DF8C762719E473E900B81271 /* LaunchScreen.xib */,
				DF8C761819E473E800B81271 /* Supporting Files */,
			);
			path = "UITableViewController Challenge Solution";
			sourceTree = "<group>";
		};
		DF8C761819E473E800B81271 /* Supporting Files */ = {
			isa = PBXGroup;
			children = (
				DF8C761919E473E800B81271 /* Info.plist */,
				DF8C761A19E473E800B81271 /* main.m */,
			);
			name = "Supporting Files";
			sourceTree = "<group>";
		};
		DF8C763119E473E900B81271 /* UITableViewController Challenge SolutionTests */ = {
			isa = PBXGroup;
			children = (
				DF8C763419E473E900B81271 /* UITableViewController_Challenge_SolutionTests.m */,
				DF8C763219E473E900B81271 /* Supporting Files */,
			);
			path = "UITableViewController Challenge SolutionTests";
			sourceTree = "<group>";
		};
		DF8C763219E473E900B81271 /* Supporting Files */ = {
			isa = PBXGroup;
			children = (
				DF8C763319E473E900B81271 /* Info.plist */,
			);
			name = "Supporting Files";
			sourceTree = "<group>";
		};
/* End PBXGroup section */

/* Begin PBXNativeTarget section */
		DF8C761419E473E800B81271 /* UITableViewController Challenge Solution */ = {
			isa = PBXNativeTarget;
			buildConfigurationList = DF8C763819E473E900B81271 /* Build configuration list for PBXNativeTarget "UITableViewController Challenge Solution" */;
			buildPhases = (
				DF8C761119E473E800B81271 /* Sources */,
				DF8C761219E473E800B81271 /* Frameworks */,
				DF8C761319E473E800B81271 /* Resources */,
			);
			buildRules = (
			);
			dependencies = (
			);
			name = "UITableViewController Challenge Solution";
			productName = "UITableViewController Challenge Solution";
			productReference = DF8C761519E473E800B81271 /* UITableViewController Challenge Solution.app */;
			productType = "com.apple.product-type.application";
		};
		DF8C762D19E473E900B81271 /* UITableViewController Challenge SolutionTests */ = {
			isa = PBXNativeTarget;
			buildConfigurationList = DF8C763B19E473E900B81271 /* Build configuration list for PBXNativeTarget "UITableViewController Challenge SolutionTests" */;
			buildPhases = (
				DF8C762A19E473E900B81271 /* Sources */,
				DF8C762B19E473E900B81271 /* Frameworks */,
				DF8C762C19E473E900B81271 /* Resources */,
			);
			buildRules = (
			);
			dependencies = (
				DF8C763019E473E900B81271 /* PBXTargetDependency */,
			);
			name = "UITableViewController Challenge SolutionTests";
			productName = "UITableViewController Challenge SolutionTests";
			productReference = DF8C762E19E473E900B81271 /* UITableViewController Challenge SolutionTests.xctest */;
			productType = "com.apple.product-type.bundle.unit-test";
		};
/* End PBXNativeTarget section */

/* Begin PBXProject section */
		DF8C760D19E473E700B81271 /* Project object */ = {
			isa = PBXProject;
			attributes = {
				LastUpgradeCheck = 0600;
				ORGANIZATIONNAME = "Lennart Wisbar";
				TargetAttributes = {
					DF8C761419E473E800B81271 = {
						CreatedOnToolsVersion = 6.0.1;
					};
					DF8C762D19E473E900B81271 = {
						CreatedOnToolsVersion = 6.0.1;
						TestTargetID = DF8C761419E473E800B81271;
					};
				};
			};
			buildConfigurationList = DF8C761019E473E800B81271 /* Build configuration list for PBXProject "UITableViewController Challenge Solution" */;
			compatibilityVersion = "Xcode 3.2";
			developmentRegion = English;
			hasScannedForEncodings = 0;
			knownRegions = (
				en,
				Base,
			);
			mainGroup = DF8C760C19E473E700B81271;
			productRefGroup = DF8C761619E473E800B81271 /* Products */;
			projectDirPath = "";
			projectRoot = "";
			targets = (
				DF8C761419E473E800B81271 /* UITableViewController Challenge Solution */,
				DF8C762D19E473E900B81271 /* UITableViewController Challenge SolutionTests */,
			);
		};
/* End PBXProject section */

/* Begin PBXResourcesBuildPhase section */
		DF8C761319E473E800B81271 /* Resources */ = {
			isa = PBXResourcesBuildPhase;
			buildActionMask = 2147483647;
			files = (
				DF8C762419E473E900B81271 /* Main.storyboard in Resources */,
				DF8C762919E473E900B81271 /* LaunchScreen.xib in Resources */,
				DF8C762619E473E900B81271 /* Images.xcassets in Resources */,
			);
			runOnlyForDeploymentPostprocessing = 0;
		};
		DF8C762C19E473E900B81271 /* Resources */ = {
			isa = PBXResourcesBuildPhase;
			buildActionMask = 2147483647;
			files = (
			);
			runOnlyForDeploymentPostprocessing = 0;
		};
/* End PBXResourcesBuildPhase section */

/* Begin PBXSourcesBuildPhase section */
		DF8C761119E473E800B81271 /* Sources */ = {
			isa = PBXSourcesBuildPhase;
			buildActionMask = 2147483647;
			files = (
				DF8C764019E47EA600B81271 /* LWTableViewController.m in Sources */,
				DF8C761E19E473E900B81271 /* AppDelegate.m in Sources */,
				DF8C761B19E473E800B81271 /* main.m in Sources */,
			);
			runOnlyForDeploymentPostprocessing = 0;
		};
		DF8C762A19E473E900B81271 /* Sources */ = {
			isa = PBXSourcesBuildPhase;
			buildActionMask = 2147483647;
			files = (
				DF8C763519E473E900B81271 /* UITableViewController_Challenge_SolutionTests.m in Sources */,
			);
			runOnlyForDeploymentPostprocessing = 0;
		};
/* End PBXSourcesBuildPhase section */

/* Begin PBXTargetDependency section */
		DF8C763019E473E900B81271 /* PBXTargetDependency */ = {
			isa = PBXTargetDependency;
			target = DF8C761419E473E800B81271 /* UITableViewController Challenge Solution */;
			targetProxy = DF8C762F19E473E900B81271 /* PBXContainerItemProxy */;
		};
/* End PBXTargetDependency section */

/* Begin PBXVariantGroup section */
		DF8C762219E473E900B81271 /* Main.storyboard */ = {
			isa = PBXVariantGroup;
			children = (
				DF8C762319E473E900B81271 /* Base */,
			);
			name = Main.storyboard;
			sourceTree = "<group>";
		};
		DF8C762719E473E900B81271 /* LaunchScreen.xib */ = {
			isa = PBXVariantGroup;
			children = (
				DF8C762819E473E900B81271 /* Base */,
			);
			name = LaunchScreen.xib;
			sourceTree = "<group>";
		};
/* End PBXVariantGroup section */

/* Begin XCBuildConfiguration section */
		DF8C763619E473E900B81271 /* Debug */ = {
			isa = XCBuildConfiguration;
			buildSettings = {
				ALWAYS_SEARCH_USER_PATHS = NO;
				CLANG_CXX_LANGUAGE_STANDARD = "gnu++0x";
				CLANG_CXX_LIBRARY = "libc++";
				CLANG_ENABLE_MODULES = YES;
				CLANG_ENABLE_OBJC_ARC = YES;
				CLANG_WARN_BOOL_CONVERSION = YES;
				CLANG_WARN_CONSTANT_CONVERSION = YES;
				CLANG_WARN_DIRECT_OBJC_ISA_USAGE = YES_ERROR;
				CLANG_WARN_EMPTY_BODY = YES;
				CLANG_WARN_ENUM_CONVERSION = YES;
				CLANG_WARN_INT_CONVERSION = YES;
				CLANG_WARN_OBJC_ROOT_CLASS = YES_ERROR;
				CLANG_WARN_UNREACHABLE_CODE = YES;
				CLANG_WARN__DUPLICATE_METHOD_MATCH = YES;
				"CODE_SIGN_IDENTITY[sdk=iphoneos*]" = "iPhone Developer";
				COPY_PHASE_STRIP = NO;
				ENABLE_STRICT_OBJC_MSGSEND = YES;
				GCC_C_LANGUAGE_STANDARD = gnu99;
				GCC_DYNAMIC_NO_PIC = NO;
				GCC_OPTIMIZATION_LEVEL = 0;
				GCC_PREPROCESSOR_DEFINITIONS = (
					"DEBUG=1",
					"$(inherited)",
				);
				GCC_SYMBOLS_PRIVATE_EXTERN = NO;
				GCC_WARN_64_TO_32_BIT_CONVERSION = YES;
				GCC_WARN_ABOUT_RETURN_TYPE = YES_ERROR;
				GCC_WARN_UNDECLARED_SELECTOR = YES;
				GCC_WARN_UNINITIALIZED_AUTOS = YES_AGGRESSIVE;
				GCC_WARN_UNUSED_FUNCTION = YES;
				GCC_WARN_UNUSED_VARIABLE = YES;
				IPHONEOS_DEPLOYMENT_TARGET = 8.0;
				MTL_ENABLE_DEBUG_INFO = YES;
				ONLY_ACTIVE_ARCH = YES;
				SDKROOT = iphoneos;
			};
			name = Debug;
		};
		DF8C763719E473E900B81271 /* Release */ = {
			isa = XCBuildConfiguration;
			buildSettings = {
				ALWAYS_SEARCH_USER_PATHS = NO;
				CLANG_CXX_LANGUAGE_STANDARD = "gnu++0x";
				CLANG_CXX_LIBRARY = "libc++";
				CLANG_ENABLE_MODULES = YES;
				CLANG_ENABLE_OBJC_ARC = YES;
				CLANG_WARN_BOOL_CONVERSION = YES;
				CLANG_WARN_CONSTANT_CONVERSION = YES;
				CLANG_WARN_DIRECT_OBJC_ISA_USAGE = YES_ERROR;
				CLANG_WARN_EMPTY_BODY = YES;
				CLANG_WARN_ENUM_CONVERSION = YES;
				CLANG_WARN_INT_CONVERSION = YES;
				CLANG_WARN_OBJC_ROOT_CLASS = YES_ERROR;
				CLANG_WARN_UNREACHABLE_CODE = YES;
				CLANG_WARN__DUPLICATE_METHOD_MATCH = YES;
				"CODE_SIGN_IDENTITY[sdk=iphoneos*]" = "iPhone Developer";
				COPY_PHASE_STRIP = YES;
				ENABLE_NS_ASSERTIONS = NO;
				ENABLE_STRICT_OBJC_MSGSEND = YES;
				GCC_C_LANGUAGE_STANDARD = gnu99;
				GCC_WARN_64_TO_32_BIT_CONVERSION = YES;
				GCC_WARN_ABOUT_RETURN_TYPE = YES_ERROR;
				GCC_WARN_UNDECLARED_SELECTOR = YES;
				GCC_WARN_UNINITIALIZED_AUTOS = YES_AGGRESSIVE;
				GCC_WARN_UNUSED_FUNCTION = YES;
				GCC_WARN_UNUSED_VARIABLE = YES;
				IPHONEOS_DEPLOYMENT_TARGET = 8.0;
				MTL_ENABLE_DEBUG_INFO = NO;
				SDKROOT = iphoneos;
				VALIDATE_PRODUCT = YES;
			};
			name = Release;
		};
		DF8C763919E473E900B81271 /* Debug */ = {
			isa = XCBuildConfiguration;
			buildSettings = {
				ASSETCATALOG_COMPILER_APPICON_NAME = AppIcon;
				INFOPLIST_FILE = "UITableViewController Challenge Solution/Info.plist";
				LD_RUNPATH_SEARCH_PATHS = "$(inherited) @executable_path/Frameworks";
				PRODUCT_NAME = "$(TARGET_NAME)";
			};
			name = Debug;
		};
		DF8C763A19E473E900B81271 /* Release */ = {
			isa = XCBuildConfiguration;
			buildSettings = {
				ASSETCATALOG_COMPILER_APPICON_NAME = AppIcon;
				INFOPLIST_FILE = "UITableViewController Challenge Solution/Info.plist";
				LD_RUNPATH_SEARCH_PATHS = "$(inherited) @executable_path/Frameworks";
				PRODUCT_NAME = "$(TARGET_NAME)";
			};
			name = Release;
		};
		DF8C763C19E473E900B81271 /* Debug */ = {
			isa = XCBuildConfiguration;
			buildSettings = {
				BUNDLE_LOADER = "$(TEST_HOST)";
				FRAMEWORK_SEARCH_PATHS = (
					"$(SDKROOT)/Developer/Library/Frameworks",
					"$(inherited)",
				);
				GCC_PREPROCESSOR_DEFINITIONS = (
					"DEBUG=1",
					"$(inherited)",
				);
				INFOPLIST_FILE = "UITableViewController Challenge SolutionTests/Info.plist";
				LD_RUNPATH_SEARCH_PATHS = "$(inherited) @executable_path/Frameworks @loader_path/Frameworks";
				PRODUCT_NAME = "$(TARGET_NAME)";
				TEST_HOST = "$(BUILT_PRODUCTS_DIR)/UITableViewController Challenge Solution.app/UITableViewController Challenge Solution";
			};
			name = Debug;
		};
		DF8C763D19E473E900B81271 /* Release */ = {
			isa = XCBuildConfiguration;
			buildSettings = {
				BUNDLE_LOADER = "$(TEST_HOST)";
				FRAMEWORK_SEARCH_PATHS = (
					"$(SDKROOT)/Developer/Library/Frameworks",
					"$(inherited)",
				);
				INFOPLIST_FILE = "UITableViewController Challenge SolutionTests/Info.plist";
				LD_RUNPATH_SEARCH_PATHS = "$(inherited) @executable_path/Frameworks @loader_path/Frameworks";
				PRODUCT_NAME = "$(TARGET_NAME)";
				TEST_HOST = "$(BUILT_PRODUCTS_DIR)/UITableViewController Challenge Solution.app/UITableViewController Challenge Solution";
			};
			name = Release;
		};
/* End XCBuildConfiguration section */

/* Begin XCConfigurationList section */
		DF8C761019E473E800B81271 /* Build configuration list for PBXProject "UITableViewController Challenge Solution" */ = {
			isa = XCConfigurationList;
			buildConfigurations = (
				DF8C763619E473E900B81271 /* Debug */,
				DF8C763719E473E900B81271 /* Release */,
			);
			defaultConfigurationIsVisible = 0;
			defaultConfigurationName = Release;
		};
		DF8C763819E473E900B81271 /* Build configuration list for PBXNativeTarget "UITableViewController Challenge Solution" */ = {
			isa = XCConfigurationList;
			buildConfigurations = (
				DF8C763919E473E900B81271 /* Debug */,
				DF8C763A19E473E900B81271 /* Release */,
			);
			defaultConfigurationIsVisible = 0;
		};
		DF8C763B19E473E900B81271 /* Build configuration list for PBXNativeTarget "UITableViewController Challenge SolutionTests" */ = {
			isa = XCConfigurationList;
			buildConfigurations = (
				DF8C763C19E473E900B81271 /* Debug */,
				DF8C763D19E473E900B81271 /* Release */,
			);
			defaultConfigurationIsVisible = 0;
		};
/* End XCConfigurationList section */
	};
	rootObject = DF8C760D19E473E700B81271 /* Project object */;
}
